
Microsoft Visual Studio Solution File, Format Version 12.00
# Visual Studio 15
VisualStudioVersion = 15.0.28010.2019
MinimumVisualStudioVersion = 10.0.40219.1
Project("{FAE04EC0-301F-11D3-BF4B-00C04F79EFBC}") = "WlanAnalyzer.Android", "WlanAnalyzer\WlanAnalyzer.Android\WlanAnalyzer.Android.csproj", "{84BFDD76-D325-4CB1-9352-8EAF21BCB8CB}"
EndProject
Project("{FAE04EC0-301F-11D3-BF4B-00C04F79EFBC}") = "WlanAnalyzer.iOS", "WlanAnalyzer\WlanAnalyzer.iOS\WlanAnalyzer.iOS.csproj", "{03B8E38D-8F76-404E-A3D0-BECBD32971CF}"
EndProject
Project("{FAE04EC0-301F-11D3-BF4B-00C04F79EFBC}") = "WlanAnalyzer.UWP", "WlanAnalyzer\WlanAnalyzer.UWP\WlanAnalyzer.UWP.csproj", "{F67E52A8-B7FE-459A-B603-00AE2517263C}"
EndProject
Project("{FAE04EC0-301F-11D3-BF4B-00C04F79EFBC}") = "WlanAnalyzer", "WlanAnalyzer\WlanAnalyzer\WlanAnalyzer.csproj", "{90A53E52-FBE1-464A-954E-EE526D82D67C}"
EndProject
Global
	GlobalSection(SolutionConfigurationPlatforms) = preSolution
		Ad-Hoc|Any CPU = Ad-Hoc|Any CPU
		Ad-Hoc|ARM = Ad-Hoc|ARM
		Ad-Hoc|iPhone = Ad-Hoc|iPhone
		Ad-Hoc|iPhoneSimulator = Ad-Hoc|iPhoneSimulator
		Ad-Hoc|x64 = Ad-Hoc|x64
		Ad-Hoc|x86 = Ad-Hoc|x86
		AppStore|Any CPU = AppStore|Any CPU
		AppStore|ARM = AppStore|ARM
		AppStore|iPhone = AppStore|iPhone
		AppStore|iPhoneSimulator = AppStore|iPhoneSimulator
		AppStore|x64 = AppStore|x64
		AppStore|x86 = AppStore|x86
		Debug|Any CPU = Debug|Any CPU
		Debug|ARM = Debug|ARM
		Debug|iPhone = Debug|iPhone
		Debug|iPhoneSimulator = Debug|iPhoneSimulator
		Debug|x64 = Debug|x64
		Debug|x86 = Debug|x86
		Release|Any CPU = Release|Any CPU
		Release|ARM = Release|ARM
		Release|iPhone = Release|iPhone
		Release|iPhoneSimulator = Release|iPhoneSimulator
		Release|x64 = Release|x64
		Release|x86 = Release|x86
	EndGlobalSection
	GlobalSection(ProjectConfigurationPlatforms) = postSolution
		{84BFDD76-D325-4CB1-9352-8EAF21BCB8CB}.Ad-Hoc|Any CPU.ActiveCfg = Release|Any CPU
		{84BFDD76-D325-4CB1-9352-8EAF21BCB8CB}.Ad-Hoc|Any CPU.Build.0 = Release|Any CPU
		{84BFDD76-D325-4CB1-9352-8EAF21BCB8CB}.Ad-Hoc|Any CPU.Deploy.0 = Release|Any CPU
		{84BFDD76-D325-4CB1-9352-8EAF21BCB8CB}.Ad-Hoc|ARM.ActiveCfg = Release|Any CPU
		{84BFDD76-D325-4CB1-9352-8EAF21BCB8CB}.Ad-Hoc|ARM.Build.0 = Release|Any CPU
		{84BFDD76-D325-4CB1-9352-8EAF21BCB8CB}.Ad-Hoc|ARM.Deploy.0 = Release|Any CPU
		{84BFDD76-D325-4CB1-9352-8EAF21BCB8CB}.Ad-Hoc|iPhone.ActiveCfg = Release|Any CPU
		{84BFDD76-D325-4CB1-9352-8EAF21BCB8CB}.Ad-Hoc|iPhone.Build.0 = Release|Any CPU
		{84BFDD76-D325-4CB1-9352-8EAF21BCB8CB}.Ad-Hoc|iPhone.Deploy.0 = Release|Any CPU
		{84BFDD76-D325-4CB1-9352-8EAF21BCB8CB}.Ad-Hoc|iPhoneSimulator.ActiveCfg = Release|Any CPU
		{84BFDD76-D325-4CB1-9352-8EAF21BCB8CB}.Ad-Hoc|iPhoneSimulator.Build.0 = Release|Any CPU
		{84BFDD76-D325-4CB1-9352-8EAF21BCB8CB}.Ad-Hoc|iPhoneSimulator.Deploy.0 = Release|Any CPU
		{84BFDD76-D325-4CB1-9352-8EAF21BCB8CB}.Ad-Hoc|x64.ActiveCfg = Release|Any CPU
		{84BFDD76-D325-4CB1-9352-8EAF21BCB8CB}.Ad-Hoc|x64.Build.0 = Release|Any CPU
		{84BFDD76-D325-4CB1-9352-8EAF21BCB8CB}.Ad-Hoc|x64.Deploy.0 = Release|Any CPU
		{84BFDD76-D325-4CB1-9352-8EAF21BCB8CB}.Ad-Hoc|x86.ActiveCfg = Release|Any CPU
		{84BFDD76-D325-4CB1-9352-8EAF21BCB8CB}.Ad-Hoc|x86.Build.0 = Release|Any CPU
		{84BFDD76-D325-4CB1-9352-8EAF21BCB8CB}.Ad-Hoc|x86.Deploy.0 = Release|Any CPU
		{84BFDD76-D325-4CB1-9352-8EAF21BCB8CB}.AppStore|Any CPU.ActiveCfg = Release|Any CPU
		{84BFDD76-D325-4CB1-9352-8EAF21BCB8CB}.AppStore|Any CPU.Build.0 = Release|Any CPU
		{84BFDD76-D325-4CB1-9352-8EAF21BCB8CB}.AppStore|Any CPU.Deploy.0 = Release|Any CPU
		{84BFDD76-D325-4CB1-9352-8EAF21BCB8CB}.AppStore|ARM.ActiveCfg = Release|Any CPU
		{84BFDD76-D325-4CB1-9352-8EAF21BCB8CB}.AppStore|ARM.Build.0 = Release|Any CPU
		{84BFDD76-D325-4CB1-9352-8EAF21BCB8CB}.AppStore|ARM.Deploy.0 = Release|Any CPU
		{84BFDD76-D325-4CB1-9352-8EAF21BCB8CB}.AppStore|iPhone.ActiveCfg = Release|Any CPU
		{84BFDD76-D325-4CB1-9352-8EAF21BCB8CB}.AppStore|iPhone.Build.0 = Release|Any CPU
		{84BFDD76-D325-4CB1-9352-8EAF21BCB8CB}.AppStore|iPhone.Deploy.0 = Release|Any CPU
		{84BFDD76-D325-4CB1-9352-8EAF21BCB8CB}.AppStore|iPhoneSimulator.ActiveCfg = Release|Any CPU
		{84BFDD76-D325-4CB1-9352-8EAF21BCB8CB}.AppStore|iPhoneSimulator.Build.0 = Release|Any CPU
		{84BFDD76-D325-4CB1-9352-8EAF21BCB8CB}.AppStore|iPhoneSimulator.Deploy.0 = Release|Any CPU
		{84BFDD76-D325-4CB1-9352-8EAF21BCB8CB}.AppStore|x64.ActiveCfg = Release|Any CPU
		{84BFDD76-D325-4CB1-9352-8EAF21BCB8CB}.AppStore|x64.Build.0 = Release|Any CPU
		{84BFDD76-D325-4CB1-9352-8EAF21BCB8CB}.AppStore|x64.Deploy.0 = Release|Any CPU
		{84BFDD76-D325-4CB1-9352-8EAF21BCB8CB}.AppStore|x86.ActiveCfg = Release|Any CPU
		{84BFDD76-D325-4CB1-9352-8EAF21BCB8CB}.AppStore|x86.Build.0 = Release|Any CPU
		{84BFDD76-D325-4CB1-9352-8EAF21BCB8CB}.AppStore|x86.Deploy.0 = Release|Any CPU
		{84BFDD76-D325-4CB1-9352-8EAF21BCB8CB}.Debug|Any CPU.ActiveCfg = Debug|Any CPU
		{84BFDD76-D325-4CB1-9352-8EAF21BCB8CB}.Debug|Any CPU.Build.0 = Debug|Any CPU
		{84BFDD76-D325-4CB1-9352-8EAF21BCB8CB}.Debug|Any CPU.Deploy.0 = Debug|Any CPU
		{84BFDD76-D325-4CB1-9352-8EAF21BCB8CB}.Debug|ARM.ActiveCfg = Debug|Any CPU
		{84BFDD76-D325-4CB1-9352-8EAF21BCB8CB}.Debug|ARM.Build.0 = Debug|Any CPU
		{84BFDD76-D325-4CB1-9352-8EAF21BCB8CB}.Debug|ARM.Deploy.0 = Debug|Any CPU
		{84BFDD76-D325-4CB1-9352-8EAF21BCB8CB}.Debug|iPhone.ActiveCfg = Debug|Any CPU
		{84BFDD76-D325-4CB1-9352-8EAF21BCB8CB}.Debug|iPhone.Build.0 = Debug|Any CPU
		{84BFDD76-D325-4CB1-9352-8EAF21BCB8CB}.Debug|iPhone.Deploy.0 = Debug|Any CPU
		{84BFDD76-D325-4CB1-9352-8EAF21BCB8CB}.Debug|iPhoneSimulator.ActiveCfg = Debug|Any CPU
		{84BFDD76-D325-4CB1-9352-8EAF21BCB8CB}.Debug|iPhoneSimulator.Build.0 = Debug|Any CPU
		{84BFDD76-D325-4CB1-9352-8EAF21BCB8CB}.Debug|iPhoneSimulator.Deploy.0 = Debug|Any CPU
		{84BFDD76-D325-4CB1-9352-8EAF21BCB8CB}.Debug|x64.ActiveCfg = Debug|Any CPU
		{84BFDD76-D325-4CB1-9352-8EAF21BCB8CB}.Debug|x64.Build.0 = Debug|Any CPU
		{84BFDD76-D325-4CB1-9352-8EAF21BCB8CB}.Debug|x64.Deploy.0 = Debug|Any CPU
		{84BFDD76-D325-4CB1-9352-8EAF21BCB8CB}.Debug|x86.ActiveCfg = Debug|Any CPU
		{84BFDD76-D325-4CB1-9352-8EAF21BCB8CB}.Debug|x86.Build.0 = Debug|Any CPU
		{84BFDD76-D325-4CB1-9352-8EAF21BCB8CB}.Debug|x86.Deploy.0 = Debug|Any CPU
		{84BFDD76-D325-4CB1-9352-8EAF21BCB8CB}.Release|Any CPU.ActiveCfg = Release|Any CPU
		{84BFDD76-D325-4CB1-9352-8EAF21BCB8CB}.Release|Any CPU.Build.0 = Release|Any CPU
		{84BFDD76-D325-4CB1-9352-8EAF21BCB8CB}.Release|Any CPU.Deploy.0 = Release|Any CPU
		{84BFDD76-D325-4CB1-9352-8EAF21BCB8CB}.Release|ARM.ActiveCfg = Release|Any CPU
		{84BFDD76-D325-4CB1-9352-8EAF21BCB8CB}.Release|ARM.Build.0 = Release|Any CPU
		{84BFDD76-D325-4CB1-9352-8EAF21BCB8CB}.Release|ARM.Deploy.0 = Release|Any CPU
		{84BFDD76-D325-4CB1-9352-8EAF21BCB8CB}.Release|iPhone.ActiveCfg = Release|Any CPU
		{84BFDD76-D325-4CB1-9352-8EAF21BCB8CB}.Release|iPhone.Build.0 = Release|Any CPU
		{84BFDD76-D325-4CB1-9352-8EAF21BCB8CB}.Release|iPhone.Deploy.0 = Release|Any CPU
		{84BFDD76-D325-4CB1-9352-8EAF21BCB8CB}.Release|iPhoneSimulator.ActiveCfg = Release|Any CPU
		{84BFDD76-D325-4CB1-9352-8EAF21BCB8CB}.Release|iPhoneSimulator.Build.0 = Release|Any CPU
		{84BFDD76-D325-4CB1-9352-8EAF21BCB8CB}.Release|iPhoneSimulator.Deploy.0 = Release|Any CPU
		{84BFDD76-D325-4CB1-9352-8EAF21BCB8CB}.Release|x64.ActiveCfg = Release|Any CPU
		{84BFDD76-D325-4CB1-9352-8EAF21BCB8CB}.Release|x64.Build.0 = Release|Any CPU
		{84BFDD76-D325-4CB1-9352-8EAF21BCB8CB}.Release|x64.Deploy.0 = Release|Any CPU
		{84BFDD76-D325-4CB1-9352-8EAF21BCB8CB}.Release|x86.ActiveCfg = Release|Any CPU
		{84BFDD76-D325-4CB1-9352-8EAF21BCB8CB}.Release|x86.Build.0 = Release|Any CPU
		{84BFDD76-D325-4CB1-9352-8EAF21BCB8CB}.Release|x86.Deploy.0 = Release|Any CPU
		{03B8E38D-8F76-404E-A3D0-BECBD32971CF}.Ad-Hoc|Any CPU.ActiveCfg = Ad-Hoc|iPhone
		{03B8E38D-8F76-404E-A3D0-BECBD32971CF}.Ad-Hoc|Any CPU.Build.0 = Ad-Hoc|iPhone
		{03B8E38D-8F76-404E-A3D0-BECBD32971CF}.Ad-Hoc|Any CPU.Deploy.0 = Ad-Hoc|iPhone
		{03B8E38D-8F76-404E-A3D0-BECBD32971CF}.Ad-Hoc|ARM.ActiveCfg = Ad-Hoc|iPhone
		{03B8E38D-8F76-404E-A3D0-BECBD32971CF}.Ad-Hoc|ARM.Build.0 = Ad-Hoc|iPhone
		{03B8E38D-8F76-404E-A3D0-BECBD32971CF}.Ad-Hoc|ARM.Deploy.0 = Ad-Hoc|iPhone
		{03B8E38D-8F76-404E-A3D0-BECBD32971CF}.Ad-Hoc|iPhone.ActiveCfg = Ad-Hoc|iPhone
		{03B8E38D-8F76-404E-A3D0-BECBD32971CF}.Ad-Hoc|iPhone.Build.0 = Ad-Hoc|iPhone
		{03B8E38D-8F76-404E-A3D0-BECBD32971CF}.Ad-Hoc|iPhone.Deploy.0 = Ad-Hoc|iPhone
		{03B8E38D-8F76-404E-A3D0-BECBD32971CF}.Ad-Hoc|iPhoneSimulator.ActiveCfg = Ad-Hoc|iPhoneSimulator
		{03B8E38D-8F76-404E-A3D0-BECBD32971CF}.Ad-Hoc|iPhoneSimulator.Build.0 = Ad-Hoc|iPhoneSimulator
		{03B8E38D-8F76-404E-A3D0-BECBD32971CF}.Ad-Hoc|iPhoneSimulator.Deploy.0 = Ad-Hoc|iPhoneSimulator
		{03B8E38D-8F76-404E-A3D0-BECBD32971CF}.Ad-Hoc|x64.ActiveCfg = Ad-Hoc|iPhone
		{03B8E38D-8F76-404E-A3D0-BECBD32971CF}.Ad-Hoc|x64.Build.0 = Ad-Hoc|iPhone
		{03B8E38D-8F76-404E-A3D0-BECBD32971CF}.Ad-Hoc|x64.Deploy.0 = Ad-Hoc|iPhone
		{03B8E38D-8F76-404E-A3D0-BECBD32971CF}.Ad-Hoc|x86.ActiveCfg = Ad-Hoc|iPhone
		{03B8E38D-8F76-404E-A3D0-BECBD32971CF}.Ad-Hoc|x86.Build.0 = Ad-Hoc|iPhone
		{03B8E38D-8F76-404E-A3D0-BECBD32971CF}.Ad-Hoc|x86.Deploy.0 = Ad-Hoc|iPhone
		{03B8E38D-8F76-404E-A3D0-BECBD32971CF}.AppStore|Any CPU.ActiveCfg = AppStore|iPhone
		{03B8E38D-8F76-404E-A3D0-BECBD32971CF}.AppStore|Any CPU.Build.0 = AppStore|iPhone
		{03B8E38D-8F76-404E-A3D0-BECBD32971CF}.AppStore|Any CPU.Deploy.0 = AppStore|iPhone
		{03B8E38D-8F76-404E-A3D0-BECBD32971CF}.AppStore|ARM.ActiveCfg = AppStore|iPhone
		{03B8E38D-8F76-404E-A3D0-BECBD32971CF}.AppStore|ARM.Build.0 = AppStore|iPhone
		{03B8E38D-8F76-404E-A3D0-BECBD32971CF}.AppStore|ARM.Deploy.0 = AppStore|iPhone
		{03B8E38D-8F76-404E-A3D0-BECBD32971CF}.AppStore|iPhone.ActiveCfg = AppStore|iPhone
		{03B8E38D-8F76-404E-A3D0-BECBD32971CF}.AppStore|iPhone.Build.0 = AppStore|iPhone
		{03B8E38D-8F76-404E-A3D0-BECBD32971CF}.AppStore|iPhone.Deploy.0 = AppStore|iPhone
		{03B8E38D-8F76-404E-A3D0-BECBD32971CF}.AppStore|iPhoneSimulator.ActiveCfg = AppStore|iPhoneSimulator
		{03B8E38D-8F76-404E-A3D0-BECBD32971CF}.AppStore|iPhoneSimulator.Build.0 = AppStore|iPhoneSimulator
		{03B8E38D-8F76-404E-A3D0-BECBD32971CF}.AppStore|iPhoneSimulator.Deploy.0 = AppStore|iPhoneSimulator
		{03B8E38D-8F76-404E-A3D0-BECBD32971CF}.AppStore|x64.ActiveCfg = AppStore|iPhone
		{03B8E38D-8F76-404E-A3D0-BECBD32971CF}.AppStore|x64.Build.0 = AppStore|iPhone
		{03B8E38D-8F76-404E-A3D0-BECBD32971CF}.AppStore|x64.Deploy.0 = AppStore|iPhone
		{03B8E38D-8F76-404E-A3D0-BECBD32971CF}.AppStore|x86.ActiveCfg = AppStore|iPhone
		{03B8E38D-8F76-404E-A3D0-BECBD32971CF}.AppStore|x86.Build.0 = AppStore|iPhone
		{03B8E38D-8F76-404E-A3D0-BECBD32971CF}.AppStore|x86.Deploy.0 = AppStore|iPhone
		{03B8E38D-8F76-404E-A3D0-BECBD32971CF}.Debug|Any CPU.ActiveCfg = Debug|iPhoneSimulator
		{03B8E38D-8F76-404E-A3D0-BECBD32971CF}.Debug|Any CPU.Build.0 = Debug|iPhoneSimulator
		{03B8E38D-8F76-404E-A3D0-BECBD32971CF}.Debug|Any CPU.Deploy.0 = Debug|iPhoneSimulator
		{03B8E38D-8F76-404E-A3D0-BECBD32971CF}.Debug|ARM.ActiveCfg = Debug|iPhone
		{03B8E38D-8F76-404E-A3D0-BECBD32971CF}.Debug|ARM.Build.0 = Debug|iPhone
		{03B8E38D-8F76-404E-A3D0-BECBD32971CF}.Debug|ARM.Deploy.0 = Debug|iPhone
		{03B8E38D-8F76-404E-A3D0-BECBD32971CF}.Debug|iPhone.ActiveCfg = Debug|iPhone
		{03B8E38D-8F76-404E-A3D0-BECBD32971CF}.Debug|iPhone.Build.0 = Debug|iPhone
		{03B8E38D-8F76-404E-A3D0-BECBD32971CF}.Debug|iPhone.Deploy.0 = Debug|iPhone
		{03B8E38D-8F76-404E-A3D0-BECBD32971CF}.Debug|iPhoneSimulator.ActiveCfg = Debug|iPhoneSimulator
		{03B8E38D-8F76-404E-A3D0-BECBD32971CF}.Debug|iPhoneSimulator.Build.0 = Debug|iPhoneSimulator
		{03B8E38D-8F76-404E-A3D0-BECBD32971CF}.Debug|iPhoneSimulator.Deploy.0 = Debug|iPhoneSimulator
		{03B8E38D-8F76-404E-A3D0-BECBD32971CF}.Debug|x64.ActiveCfg = Debug|iPhone
		{03B8E38D-8F76-404E-A3D0-BECBD32971CF}.Debug|x64.Build.0 = Debug|iPhone
		{03B8E38D-8F76-404E-A3D0-BECBD32971CF}.Debug|x64.Deploy.0 = Debug|iPhone
		{03B8E38D-8F76-404E-A3D0-BECBD32971CF}.Debug|x86.ActiveCfg = Debug|iPhone
		{03B8E38D-8F76-404E-A3D0-BECBD32971CF}.Debug|x86.Build.0 = Debug|iPhone
		{03B8E38D-8F76-404E-A3D0-BECBD32971CF}.Debug|x86.Deploy.0 = Debug|iPhone
		{03B8E38D-8F76-404E-A3D0-BECBD32971CF}.Release|Any CPU.ActiveCfg = Release|iPhone
		{03B8E38D-8F76-404E-A3D0-BECBD32971CF}.Release|Any CPU.Build.0 = Release|iPhone
		{03B8E38D-8F76-404E-A3D0-BECBD32971CF}.Release|Any CPU.Deploy.0 = Release|iPhone
		{03B8E38D-8F76-404E-A3D0-BECBD32971CF}.Release|ARM.ActiveCfg = Release|iPhone
		{03B8E38D-8F76-404E-A3D0-BECBD32971CF}.Release|ARM.Build.0 = Release|iPhone
		{03B8E38D-8F76-404E-A3D0-BECBD32971CF}.Release|ARM.Deploy.0 = Release|iPhone
		{03B8E38D-8F76-404E-A3D0-BECBD32971CF}.Release|iPhone.ActiveCfg = Release|iPhone
		{03B8E38D-8F76-404E-A3D0-BECBD32971CF}.Release|iPhone.Build.0 = Release|iPhone
		{03B8E38D-8F76-404E-A3D0-BECBD32971CF}.Release|iPhone.Deploy.0 = Release|iPhone
		{03B8E38D-8F76-404E-A3D0-BECBD32971CF}.Release|iPhoneSimulator.ActiveCfg = Release|iPhoneSimulator
		{03B8E38D-8F76-404E-A3D0-BECBD32971CF}.Release|iPhoneSimulator.Build.0 = Release|iPhoneSimulator
		{03B8E38D-8F76-404E-A3D0-BECBD32971CF}.Release|iPhoneSimulator.Deploy.0 = Release|iPhoneSimulator
		{03B8E38D-8F76-404E-A3D0-BECBD32971CF}.Release|x64.ActiveCfg = Release|iPhone
		{03B8E38D-8F76-404E-A3D0-BECBD32971CF}.Release|x64.Build.0 = Release|iPhone
		{03B8E38D-8F76-404E-A3D0-BECBD32971CF}.Release|x64.Deploy.0 = Release|iPhone
		{03B8E38D-8F76-404E-A3D0-BECBD32971CF}.Release|x86.ActiveCfg = Release|iPhone
		{03B8E38D-8F76-404E-A3D0-BECBD32971CF}.Release|x86.Build.0 = Release|iPhone
		{03B8E38D-8F76-404E-A3D0-BECBD32971CF}.Release|x86.Deploy.0 = Release|iPhone
		{F67E52A8-B7FE-459A-B603-00AE2517263C}.Ad-Hoc|Any CPU.ActiveCfg = Release|x86
		{F67E52A8-B7FE-459A-B603-00AE2517263C}.Ad-Hoc|Any CPU.Build.0 = Release|x86
		{F67E52A8-B7FE-459A-B603-00AE2517263C}.Ad-Hoc|Any CPU.Deploy.0 = Release|x86
		{F67E52A8-B7FE-459A-B603-00AE2517263C}.Ad-Hoc|ARM.ActiveCfg = Release|ARM
		{F67E52A8-B7FE-459A-B603-00AE2517263C}.Ad-Hoc|ARM.Build.0 = Release|ARM
		{F67E52A8-B7FE-459A-B603-00AE2517263C}.Ad-Hoc|ARM.Deploy.0 = Release|ARM
		{F67E52A8-B7FE-459A-B603-00AE2517263C}.Ad-Hoc|iPhone.ActiveCfg = Release|x86
		{F67E52A8-B7FE-459A-B603-00AE2517263C}.Ad-Hoc|iPhone.Build.0 = Release|x86
		{F67E52A8-B7FE-459A-B603-00AE2517263C}.Ad-Hoc|iPhone.Deploy.0 = Release|x86
		{F67E52A8-B7FE-459A-B603-00AE2517263C}.Ad-Hoc|iPhoneSimulator.ActiveCfg = Release|x86
		{F67E52A8-B7FE-459A-B603-00AE2517263C}.Ad-Hoc|iPhoneSimulator.Build.0 = Release|x86
		{F67E52A8-B7FE-459A-B603-00AE2517263C}.Ad-Hoc|iPhoneSimulator.Deploy.0 = Release|x86
		{F67E52A8-B7FE-459A-B603-00AE2517263C}.Ad-Hoc|x64.ActiveCfg = Release|x64
		{F67E52A8-B7FE-459A-B603-00AE2517263C}.Ad-Hoc|x64.Build.0 = Release|x64
		{F67E52A8-B7FE-459A-B603-00AE2517263C}.Ad-Hoc|x64.Deploy.0 = Release|x64
		{F67E52A8-B7FE-459A-B603-00AE2517263C}.Ad-Hoc|x86.ActiveCfg = Release|x86
		{F67E52A8-B7FE-459A-B603-00AE2517263C}.Ad-Hoc|x86.Build.0 = Release|x86
		{F67E52A8-B7FE-459A-B603-00AE2517263C}.Ad-Hoc|x86.Deploy.0 = Release|x86
		{F67E52A8-B7FE-459A-B603-00AE2517263C}.AppStore|Any CPU.ActiveCfg = Release|x86
		{F67E52A8-B7FE-459A-B603-00AE2517263C}.AppStore|Any CPU.Build.0 = Release|x86
		{F67E52A8-B7FE-459A-B603-00AE2517263C}.AppStore|Any CPU.Deploy.0 = Release|x86
		{F67E52A8-B7FE-459A-B603-00AE2517263C}.AppStore|ARM.ActiveCfg = Release|ARM
		{F67E52A8-B7FE-459A-B603-00AE2517263C}.AppStore|ARM.Build.0 = Release|ARM
		{F67E52A8-B7FE-459A-B603-00AE2517263C}.AppStore|ARM.Deploy.0 = Release|ARM
		{F67E52A8-B7FE-459A-B603-00AE2517263C}.AppStore|iPhone.ActiveCfg = Release|x86
		{F67E52A8-B7FE-459A-B603-00AE2517263C}.AppStore|iPhone.Build.0 = Release|x86
		{F67E52A8-B7FE-459A-B603-00AE2517263C}.AppStore|iPhone.Deploy.0 = Release|x86
		{F67E52A8-B7FE-459A-B603-00AE2517263C}.AppStore|iPhoneSimulator.ActiveCfg = Release|x86
		{F67E52A8-B7FE-459A-B603-00AE2517263C}.AppStore|iPhoneSimulator.Build.0 = Release|x86
		{F67E52A8-B7FE-459A-B603-00AE2517263C}.AppStore|iPhoneSimulator.Deploy.0 = Release|x86
		{F67E52A8-B7FE-459A-B603-00AE2517263C}.AppStore|x64.ActiveCfg = Release|x64
		{F67E52A8-B7FE-459A-B603-00AE2517263C}.AppStore|x64.Build.0 = Release|x64
		{F67E52A8-B7FE-459A-B603-00AE2517263C}.AppStore|x64.Deploy.0 = Release|x64
		{F67E52A8-B7FE-459A-B603-00AE2517263C}.AppStore|x86.ActiveCfg = Release|x86
		{F67E52A8-B7FE-459A-B603-00AE2517263C}.AppStore|x86.Build.0 = Release|x86
		{F67E52A8-B7FE-459A-B603-00AE2517263C}.AppStore|x86.Deploy.0 = Release|x86
		{F67E52A8-B7FE-459A-B603-00AE2517263C}.Debug|Any CPU.ActiveCfg = Debug|x86
		{F67E52A8-B7FE-459A-B603-00AE2517263C}.Debug|Any CPU.Build.0 = Debug|x86
		{F67E52A8-B7FE-459A-B603-00AE2517263C}.Debug|Any CPU.Deploy.0 = Debug|x86
		{F67E52A8-B7FE-459A-B603-00AE2517263C}.Debug|ARM.ActiveCfg = Debug|ARM
		{F67E52A8-B7FE-459A-B603-00AE2517263C}.Debug|ARM.Build.0 = Debug|ARM
		{F67E52A8-B7FE-459A-B603-00AE2517263C}.Debug|ARM.Deploy.0 = Debug|ARM
		{F67E52A8-B7FE-459A-B603-00AE2517263C}.Debug|iPhone.ActiveCfg = Debug|x86
		{F67E52A8-B7FE-459A-B603-00AE2517263C}.Debug|iPhone.Build.0 = Debug|x86
		{F67E52A8-B7FE-459A-B603-00AE2517263C}.Debug|iPhone.Deploy.0 = Debug|x86
		{F67E52A8-B7FE-459A-B603-00AE2517263C}.Debug|iPhoneSimulator.ActiveCfg = Debug|x86
		{F67E52A8-B7FE-459A-B603-00AE2517263C}.Debug|iPhoneSimulator.Build.0 = Debug|x86
		{F67E52A8-B7FE-459A-B603-00AE2517263C}.Debug|iPhoneSimulator.Deploy.0 = Debug|x86
		{F67E52A8-B7FE-459A-B603-00AE2517263C}.Debug|x64.ActiveCfg = Debug|x64
		{F67E52A8-B7FE-459A-B603-00AE2517263C}.Debug|x64.Build.0 = Debug|x64
		{F67E52A8-B7FE-459A-B603-00AE2517263C}.Debug|x64.Deploy.0 = Debug|x64
		{F67E52A8-B7FE-459A-B603-00AE2517263C}.Debug|x86.ActiveCfg = Debug|x86
		{F67E52A8-B7FE-459A-B603-00AE2517263C}.Debug|x86.Build.0 = Debug|x86
		{F67E52A8-B7FE-459A-B603-00AE2517263C}.Debug|x86.Deploy.0 = Debug|x86
		{F67E52A8-B7FE-459A-B603-00AE2517263C}.Release|Any CPU.ActiveCfg = Release|x86
		{F67E52A8-B7FE-459A-B603-00AE2517263C}.Release|Any CPU.Build.0 = Release|x86
		{F67E52A8-B7FE-459A-B603-00AE2517263C}.Release|Any CPU.Deploy.0 = Release|x86
		{F67E52A8-B7FE-459A-B603-00AE2517263C}.Release|ARM.ActiveCfg = Release|ARM
		{F67E52A8-B7FE-459A-B603-00AE2517263C}.Release|ARM.Build.0 = Release|ARM
		{F67E52A8-B7FE-459A-B603-00AE2517263C}.Release|ARM.Deploy.0 = Release|ARM
		{F67E52A8-B7FE-459A-B603-00AE2517263C}.Release|iPhone.ActiveCfg = Release|x86
		{F67E52A8-B7FE-459A-B603-00AE2517263C}.Release|iPhone.Build.0 = Release|x86
		{F67E52A8-B7FE-459A-B603-00AE2517263C}.Release|iPhone.Deploy.0 = Release|x86
		{F67E52A8-B7FE-459A-B603-00AE2517263C}.Release|iPhoneSimulator.ActiveCfg = Release|x86
		{F67E52A8-B7FE-459A-B603-00AE2517263C}.Release|iPhoneSimulator.Build.0 = Release|x86
		{F67E52A8-B7FE-459A-B603-00AE2517263C}.Release|iPhoneSimulator.Deploy.0 = Release|x86
		{F67E52A8-B7FE-459A-B603-00AE2517263C}.Release|x64.ActiveCfg = Release|x64
		{F67E52A8-B7FE-459A-B603-00AE2517263C}.Release|x64.Build.0 = Release|x64
		{F67E52A8-B7FE-459A-B603-00AE2517263C}.Release|x64.Deploy.0 = Release|x64
		{F67E52A8-B7FE-459A-B603-00AE2517263C}.Release|x86.ActiveCfg = Release|x86
		{F67E52A8-B7FE-459A-B603-00AE2517263C}.Release|x86.Build.0 = Release|x86
		{F67E52A8-B7FE-459A-B603-00AE2517263C}.Release|x86.Deploy.0 = Release|x86
		{90A53E52-FBE1-464A-954E-EE526D82D67C}.Ad-Hoc|Any CPU.ActiveCfg = Debug|Any CPU
		{90A53E52-FBE1-464A-954E-EE526D82D67C}.Ad-Hoc|Any CPU.Build.0 = Debug|Any CPU
		{90A53E52-FBE1-464A-954E-EE526D82D67C}.Ad-Hoc|Any CPU.Deploy.0 = Debug|Any CPU
		{90A53E52-FBE1-464A-954E-EE526D82D67C}.Ad-Hoc|ARM.ActiveCfg = Debug|Any CPU
		{90A53E52-FBE1-464A-954E-EE526D82D67C}.Ad-Hoc|ARM.Build.0 = Debug|Any CPU
		{90A53E52-FBE1-464A-954E-EE526D82D67C}.Ad-Hoc|ARM.Deploy.0 = Debug|Any CPU
		{90A53E52-FBE1-464A-954E-EE526D82D67C}.Ad-Hoc|iPhone.ActiveCfg = Debug|Any CPU
		{90A53E52-FBE1-464A-954E-EE526D82D67C}.Ad-Hoc|iPhone.Build.0 = Debug|Any CPU
		{90A53E52-FBE1-464A-954E-EE526D82D67C}.Ad-Hoc|iPhone.Deploy.0 = Debug|Any CPU
		{90A53E52-FBE1-464A-954E-EE526D82D67C}.Ad-Hoc|iPhoneSimulator.ActiveCfg = Debug|Any CPU
		{90A53E52-FBE1-464A-954E-EE526D82D67C}.Ad-Hoc|iPhoneSimulator.Build.0 = Debug|Any CPU
		{90A53E52-FBE1-464A-954E-EE526D82D67C}.Ad-Hoc|iPhoneSimulator.Deploy.0 = Debug|Any CPU
		{90A53E52-FBE1-464A-954E-EE526D82D67C}.Ad-Hoc|x64.ActiveCfg = Debug|Any CPU
		{90A53E52-FBE1-464A-954E-EE526D82D67C}.Ad-Hoc|x64.Build.0 = Debug|Any CPU
		{90A53E52-FBE1-464A-954E-EE526D82D67C}.Ad-Hoc|x64.Deploy.0 = Debug|Any CPU
		{90A53E52-FBE1-464A-954E-EE526D82D67C}.Ad-Hoc|x86.ActiveCfg = Debug|Any CPU
		{90A53E52-FBE1-464A-954E-EE526D82D67C}.Ad-Hoc|x86.Build.0 = Debug|Any CPU
		{90A53E52-FBE1-464A-954E-EE526D82D67C}.Ad-Hoc|x86.Deploy.0 = Debug|Any CPU
		{90A53E52-FBE1-464A-954E-EE526D82D67C}.AppStore|Any CPU.ActiveCfg = Debug|Any CPU
		{90A53E52-FBE1-464A-954E-EE526D82D67C}.AppStore|Any CPU.Build.0 = Debug|Any CPU
		{90A53E52-FBE1-464A-954E-EE526D82D67C}.AppStore|Any CPU.Deploy.0 = Debug|Any CPU
		{90A53E52-FBE1-464A-954E-EE526D82D67C}.AppStore|ARM.ActiveCfg = Debug|Any CPU
		{90A53E52-FBE1-464A-954E-EE526D82D67C}.AppStore|ARM.Build.0 = Debug|Any CPU
		{90A53E52-FBE1-464A-954E-EE526D82D67C}.AppStore|ARM.Deploy.0 = Debug|Any CPU
		{90A53E52-FBE1-464A-954E-EE526D82D67C}.AppStore|iPhone.ActiveCfg = Debug|Any CPU
		{90A53E52-FBE1-464A-954E-EE526D82D67C}.AppStore|iPhone.Build.0 = Debug|Any CPU
		{90A53E52-FBE1-464A-954E-EE526D82D67C}.AppStore|iPhone.Deploy.0 = Debug|Any CPU
		{90A53E52-FBE1-464A-954E-EE526D82D67C}.AppStore|iPhoneSimulator.ActiveCfg = Debug|Any CPU
		{90A53E52-FBE1-464A-954E-EE526D82D67C}.AppStore|iPhoneSimulator.Build.0 = Debug|Any CPU
		{90A53E52-FBE1-464A-954E-EE526D82D67C}.AppStore|iPhoneSimulator.Deploy.0 = Debug|Any CPU
		{90A53E52-FBE1-464A-954E-EE526D82D67C}.AppStore|x64.ActiveCfg = Debug|Any CPU
		{90A53E52-FBE1-464A-954E-EE526D82D67C}.AppStore|x64.Build.0 = Debug|Any CPU
		{90A53E52-FBE1-464A-954E-EE526D82D67C}.AppStore|x64.Deploy.0 = Debug|Any CPU
		{90A53E52-FBE1-464A-954E-EE526D82D67C}.AppStore|x86.ActiveCfg = Debug|Any CPU
		{90A53E52-FBE1-464A-954E-EE526D82D67C}.AppStore|x86.Build.0 = Debug|Any CPU
		{90A53E52-FBE1-464A-954E-EE526D82D67C}.AppStore|x86.Deploy.0 = Debug|Any CPU
		{90A53E52-FBE1-464A-954E-EE526D82D67C}.Debug|Any CPU.ActiveCfg = Debug|Any CPU
		{90A53E52-FBE1-464A-954E-EE526D82D67C}.Debug|Any CPU.Build.0 = Debug|Any CPU
		{90A53E52-FBE1-464A-954E-EE526D82D67C}.Debug|Any CPU.Deploy.0 = Debug|Any CPU
		{90A53E52-FBE1-464A-954E-EE526D82D67C}.Debug|ARM.ActiveCfg = Debug|Any CPU
		{90A53E52-FBE1-464A-954E-EE526D82D67C}.Debug|ARM.Build.0 = Debug|Any CPU
		{90A53E52-FBE1-464A-954E-EE526D82D67C}.Debug|ARM.Deploy.0 = Debug|Any CPU
		{90A53E52-FBE1-464A-954E-EE526D82D67C}.Debug|iPhone.ActiveCfg = Debug|Any CPU
		{90A53E52-FBE1-464A-954E-EE526D82D67C}.Debug|iPhone.Build.0 = Debug|Any CPU
		{90A53E52-FBE1-464A-954E-EE526D82D67C}.Debug|iPhone.Deploy.0 = Debug|Any CPU
		{90A53E52-FBE1-464A-954E-EE526D82D67C}.Debug|iPhoneSimulator.ActiveCfg = Debug|Any CPU
		{90A53E52-FBE1-464A-954E-EE526D82D67C}.Debug|iPhoneSimulator.Build.0 = Debug|Any CPU
		{90A53E52-FBE1-464A-954E-EE526D82D67C}.Debug|iPhoneSimulator.Deploy.0 = Debug|Any CPU
		{90A53E52-FBE1-464A-954E-EE526D82D67C}.Debug|x64.ActiveCfg = Debug|Any CPU
		{90A53E52-FBE1-464A-954E-EE526D82D67C}.Debug|x64.Build.0 = Debug|Any CPU
		{90A53E52-FBE1-464A-954E-EE526D82D67C}.Debug|x64.Deploy.0 = Debug|Any CPU
		{90A53E52-FBE1-464A-954E-EE526D82D67C}.Debug|x86.ActiveCfg = Debug|Any CPU
		{90A53E52-FBE1-464A-954E-EE526D82D67C}.Debug|x86.Build.0 = Debug|Any CPU
		{90A53E52-FBE1-464A-954E-EE526D82D67C}.Debug|x86.Deploy.0 = Debug|Any CPU
		{90A53E52-FBE1-464A-954E-EE526D82D67C}.Release|Any CPU.ActiveCfg = Release|Any CPU
		{90A53E52-FBE1-464A-954E-EE526D82D67C}.Release|Any CPU.Build.0 = Release|Any CPU
		{90A53E52-FBE1-464A-954E-EE526D82D67C}.Release|Any CPU.Deploy.0 = Release|Any CPU
		{90A53E52-FBE1-464A-954E-EE526D82D67C}.Release|ARM.ActiveCfg = Release|Any CPU
		{90A53E52-FBE1-464A-954E-EE526D82D67C}.Release|ARM.Build.0 = Release|Any CPU
		{90A53E52-FBE1-464A-954E-EE526D82D67C}.Release|ARM.Deploy.0 = Release|Any CPU
		{90A53E52-FBE1-464A-954E-EE526D82D67C}.Release|iPhone.ActiveCfg = Release|Any CPU
		{90A53E52-FBE1-464A-954E-EE526D82D67C}.Release|iPhone.Build.0 = Release|Any CPU
		{90A53E52-FBE1-464A-954E-EE526D82D67C}.Release|iPhone.Deploy.0 = Release|Any CPU
		{90A53E52-FBE1-464A-954E-EE526D82D67C}.Release|iPhoneSimulator.ActiveCfg = Release|Any CPU
		{90A53E52-FBE1-464A-954E-EE526D82D67C}.Release|iPhoneSimulator.Build.0 = Release|Any CPU
		{90A53E52-FBE1-464A-954E-EE526D82D67C}.Release|iPhoneSimulator.Deploy.0 = Release|Any CPU
		{90A53E52-FBE1-464A-954E-EE526D82D67C}.Release|x64.ActiveCfg = Release|Any CPU
		{90A53E52-FBE1-464A-954E-EE526D82D67C}.Release|x64.Build.0 = Release|Any CPU
		{90A53E52-FBE1-464A-954E-EE526D82D67C}.Release|x64.Deploy.0 = Release|Any CPU
		{90A53E52-FBE1-464A-954E-EE526D82D67C}.Release|x86.ActiveCfg = Release|Any CPU
		{90A53E52-FBE1-464A-954E-EE526D82D67C}.Release|x86.Build.0 = Release|Any CPU
		{90A53E52-FBE1-464A-954E-EE526D82D67C}.Release|x86.Deploy.0 = Release|Any CPU
	EndGlobalSection
	GlobalSection(SolutionProperties) = preSolution
		HideSolutionNode = FALSE
	EndGlobalSection
	GlobalSection(ExtensibilityGlobals) = postSolution
		SolutionGuid = {4A5ECBD0-6FC5-4A7E-9538-E427FB07CA12}
	EndGlobalSection
EndGlobal
